
Microsoft Visual Studio Solution File, Format Version 12.00
# Visual Studio Version 17
VisualStudioVersion = 17.1.32319.34
MinimumVisualStudioVersion = 10.0.40219.1
Project("{9A19103F-16F7-4668-BE54-9A1E7A4F7556}") = "QueryExecutor", "QueryExecutor\QueryExecutor.csproj", "{7DABD39D-9AE6-46D7-8058-427279F96FAB}"
EndProject
Project("{FAE04EC0-301F-11D3-BF4B-00C04F79EFBC}") = "QueryExecutor.Core", "QueryExecutor.Core\QueryExecutor.Core.csproj", "{A83D8E84-F827-4280-8B2E-E9F514FAC17F}"
EndProject
Global
	GlobalSection(SolutionConfigurationPlatforms) = preSolution
		Debug|Any CPU = Debug|Any CPU
		Release|Any CPU = Release|Any CPU
	EndGlobalSection
	GlobalSection(ProjectConfigurationPlatforms) = postSolution
		{7DABD39D-9AE6-46D7-8058-427279F96FAB}.Debug|Any CPU.ActiveCfg = Debug|Any CPU
		{7DABD39D-9AE6-46D7-8058-427279F96FAB}.Debug|Any CPU.Build.0 = Debug|Any CPU
		{7DABD39D-9AE6-46D7-8058-427279F96FAB}.Release|Any CPU.ActiveCfg = Release|Any CPU
		{7DABD39D-9AE6-46D7-8058-427279F96FAB}.Release|Any CPU.Build.0 = Release|Any CPU
		{A83D8E84-F827-4280-8B2E-E9F514FAC17F}.Debug|Any CPU.ActiveCfg = Debug|Any CPU
		{A83D8E84-F827-4280-8B2E-E9F514FAC17F}.Debug|Any CPU.Build.0 = Debug|Any CPU
		{A83D8E84-F827-4280-8B2E-E9F514FAC17F}.Release|Any CPU.ActiveCfg = Release|Any CPU
		{A83D8E84-F827-4280-8B2E-E9F514FAC17F}.Release|Any CPU.Build.0 = Release|Any CPU
	EndGlobalSection
	GlobalSection(SolutionProperties) = preSolution
		HideSolutionNode = FALSE
	EndGlobalSection
	GlobalSection(ExtensibilityGlobals) = postSolution
		SolutionGuid = {1EE147F6-BFD3-4F87-A5F5-55D23ADFE9A5}
	EndGlobalSection
EndGlobal
